
Microsoft Visual Studio Solution File, Format Version 12.00
# Visual Studio 14
VisualStudioVersion = 14.0.24720.0
MinimumVisualStudioVersion = 10.0.40219.1
Project("{FAE04EC0-301F-11D3-BF4B-00C04F79EFBC}") = "NzzApp.UWP", "NzzApp.UWP\NzzApp.UWP.csproj", "{2D991E23-D726-482C-B3AE-27AFA60D4AFE}"
EndProject
Project("{FAE04EC0-301F-11D3-BF4B-00C04F79EFBC}") = "NzzApp.Model", "NzzApp.Model\NzzApp.Model.csproj", "{354458D3-5407-4995-8C55-42846585B7A4}"
EndProject
Project("{FAE04EC0-301F-11D3-BF4B-00C04F79EFBC}") = "NzzApp.Data", "NzzApp.Data\NzzApp.Data.csproj", "{EB4C601F-2872-4599-B34A-53C8CE589764}"
EndProject
Project("{FAE04EC0-301F-11D3-BF4B-00C04F79EFBC}") = "NzzApp.Tests", "NzzApp.Tests\NzzApp.Tests.csproj", "{7FBEE6E6-0444-494A-A20B-3AF4A0702A97}"
EndProject
Project("{FAE04EC0-301F-11D3-BF4B-00C04F79EFBC}") = "NzzApp.Providers", "NzzApp.Providers\NzzApp.Providers.csproj", "{6A98DF29-D85E-4FB5-8583-9E05FDFB051F}"
EndProject
Project("{FAE04EC0-301F-11D3-BF4B-00C04F79EFBC}") = "NzzApp.Services", "NzzApp.Services\NzzApp.Services.csproj", "{526F2DF5-CBD7-4833-9758-F4AD6AF849B9}"
EndProject
Project("{FAE04EC0-301F-11D3-BF4B-00C04F79EFBC}") = "Sebastian.Toolkit", "..\..\SebastianToolkit\src\Sebastian.Toolkit\Sebastian.Toolkit.csproj", "{3291CFA4-A8D0-4276-90F6-1E59407F60FB}"
EndProject
Project("{FAE04EC0-301F-11D3-BF4B-00C04F79EFBC}") = "NzzApp.Tasks", "NzzApp.Tasks\NzzApp.Tasks.csproj", "{0B827545-9E0F-4D79-92A8-95F95A76238B}"
EndProject
Global
	GlobalSection(SolutionConfigurationPlatforms) = preSolution
		Debug|Any CPU = Debug|Any CPU
		Debug|ARM = Debug|ARM
		Debug|x64 = Debug|x64
		Debug|x86 = Debug|x86
		Release|Any CPU = Release|Any CPU
		Release|ARM = Release|ARM
		Release|x64 = Release|x64
		Release|x86 = Release|x86
	EndGlobalSection
	GlobalSection(ProjectConfigurationPlatforms) = postSolution
		{2D991E23-D726-482C-B3AE-27AFA60D4AFE}.Debug|Any CPU.ActiveCfg = Debug|x86
		{2D991E23-D726-482C-B3AE-27AFA60D4AFE}.Debug|ARM.ActiveCfg = Debug|ARM
		{2D991E23-D726-482C-B3AE-27AFA60D4AFE}.Debug|ARM.Build.0 = Debug|ARM
		{2D991E23-D726-482C-B3AE-27AFA60D4AFE}.Debug|ARM.Deploy.0 = Debug|ARM
		{2D991E23-D726-482C-B3AE-27AFA60D4AFE}.Debug|x64.ActiveCfg = Debug|x64
		{2D991E23-D726-482C-B3AE-27AFA60D4AFE}.Debug|x64.Build.0 = Debug|x64
		{2D991E23-D726-482C-B3AE-27AFA60D4AFE}.Debug|x64.Deploy.0 = Debug|x64
		{2D991E23-D726-482C-B3AE-27AFA60D4AFE}.Debug|x86.ActiveCfg = Debug|x86
		{2D991E23-D726-482C-B3AE-27AFA60D4AFE}.Debug|x86.Build.0 = Debug|x86
		{2D991E23-D726-482C-B3AE-27AFA60D4AFE}.Debug|x86.Deploy.0 = Debug|x86
		{2D991E23-D726-482C-B3AE-27AFA60D4AFE}.Release|Any CPU.ActiveCfg = Release|x86
		{2D991E23-D726-482C-B3AE-27AFA60D4AFE}.Release|ARM.ActiveCfg = Release|ARM
		{2D991E23-D726-482C-B3AE-27AFA60D4AFE}.Release|ARM.Build.0 = Release|ARM
		{2D991E23-D726-482C-B3AE-27AFA60D4AFE}.Release|ARM.Deploy.0 = Release|ARM
		{2D991E23-D726-482C-B3AE-27AFA60D4AFE}.Release|x64.ActiveCfg = Release|x64
		{2D991E23-D726-482C-B3AE-27AFA60D4AFE}.Release|x64.Build.0 = Release|x64
		{2D991E23-D726-482C-B3AE-27AFA60D4AFE}.Release|x64.Deploy.0 = Release|x64
		{2D991E23-D726-482C-B3AE-27AFA60D4AFE}.Release|x86.ActiveCfg = Release|x86
		{2D991E23-D726-482C-B3AE-27AFA60D4AFE}.Release|x86.Build.0 = Release|x86
		{2D991E23-D726-482C-B3AE-27AFA60D4AFE}.Release|x86.Deploy.0 = Release|x86
		{354458D3-5407-4995-8C55-42846585B7A4}.Debug|Any CPU.ActiveCfg = Debug|Any CPU
		{354458D3-5407-4995-8C55-42846585B7A4}.Debug|Any CPU.Build.0 = Debug|Any CPU
		{354458D3-5407-4995-8C55-42846585B7A4}.Debug|ARM.ActiveCfg = Debug|ARM
		{354458D3-5407-4995-8C55-42846585B7A4}.Debug|ARM.Build.0 = Debug|ARM
		{354458D3-5407-4995-8C55-42846585B7A4}.Debug|x64.ActiveCfg = Debug|x64
		{354458D3-5407-4995-8C55-42846585B7A4}.Debug|x64.Build.0 = Debug|x64
		{354458D3-5407-4995-8C55-42846585B7A4}.Debug|x86.ActiveCfg = Debug|x86
		{354458D3-5407-4995-8C55-42846585B7A4}.Debug|x86.Build.0 = Debug|x86
		{354458D3-5407-4995-8C55-42846585B7A4}.Release|Any CPU.ActiveCfg = Release|Any CPU
		{354458D3-5407-4995-8C55-42846585B7A4}.Release|Any CPU.Build.0 = Release|Any CPU
		{354458D3-5407-4995-8C55-42846585B7A4}.Release|ARM.ActiveCfg = Release|ARM
		{354458D3-5407-4995-8C55-42846585B7A4}.Release|ARM.Build.0 = Release|ARM
		{354458D3-5407-4995-8C55-42846585B7A4}.Release|x64.ActiveCfg = Release|x64
		{354458D3-5407-4995-8C55-42846585B7A4}.Release|x64.Build.0 = Release|x64
		{354458D3-5407-4995-8C55-42846585B7A4}.Release|x86.ActiveCfg = Release|x86
		{354458D3-5407-4995-8C55-42846585B7A4}.Release|x86.Build.0 = Release|x86
		{EB4C601F-2872-4599-B34A-53C8CE589764}.Debug|Any CPU.ActiveCfg = Debug|Any CPU
		{EB4C601F-2872-4599-B34A-53C8CE589764}.Debug|Any CPU.Build.0 = Debug|Any CPU
		{EB4C601F-2872-4599-B34A-53C8CE589764}.Debug|ARM.ActiveCfg = Debug|ARM
		{EB4C601F-2872-4599-B34A-53C8CE589764}.Debug|ARM.Build.0 = Debug|ARM
		{EB4C601F-2872-4599-B34A-53C8CE589764}.Debug|x64.ActiveCfg = Debug|x64
		{EB4C601F-2872-4599-B34A-53C8CE589764}.Debug|x64.Build.0 = Debug|x64
		{EB4C601F-2872-4599-B34A-53C8CE589764}.Debug|x86.ActiveCfg = Debug|x86
		{EB4C601F-2872-4599-B34A-53C8CE589764}.Debug|x86.Build.0 = Debug|x86
		{EB4C601F-2872-4599-B34A-53C8CE589764}.Release|Any CPU.ActiveCfg = Release|Any CPU
		{EB4C601F-2872-4599-B34A-53C8CE589764}.Release|Any CPU.Build.0 = Release|Any CPU
		{EB4C601F-2872-4599-B34A-53C8CE589764}.Release|ARM.ActiveCfg = Release|ARM
		{EB4C601F-2872-4599-B34A-53C8CE589764}.Release|ARM.Build.0 = Release|ARM
		{EB4C601F-2872-4599-B34A-53C8CE589764}.Release|x64.ActiveCfg = Release|x64
		{EB4C601F-2872-4599-B34A-53C8CE589764}.Release|x64.Build.0 = Release|x64
		{EB4C601F-2872-4599-B34A-53C8CE589764}.Release|x86.ActiveCfg = Release|x86
		{EB4C601F-2872-4599-B34A-53C8CE589764}.Release|x86.Build.0 = Release|x86
		{7FBEE6E6-0444-494A-A20B-3AF4A0702A97}.Debug|Any CPU.ActiveCfg = Debug|x86
		{7FBEE6E6-0444-494A-A20B-3AF4A0702A97}.Debug|ARM.ActiveCfg = Debug|ARM
		{7FBEE6E6-0444-494A-A20B-3AF4A0702A97}.Debug|ARM.Build.0 = Debug|ARM
		{7FBEE6E6-0444-494A-A20B-3AF4A0702A97}.Debug|ARM.Deploy.0 = Debug|ARM
		{7FBEE6E6-0444-494A-A20B-3AF4A0702A97}.Debug|x64.ActiveCfg = Debug|x64
		{7FBEE6E6-0444-494A-A20B-3AF4A0702A97}.Debug|x64.Build.0 = Debug|x64
		{7FBEE6E6-0444-494A-A20B-3AF4A0702A97}.Debug|x64.Deploy.0 = Debug|x64
		{7FBEE6E6-0444-494A-A20B-3AF4A0702A97}.Debug|x86.ActiveCfg = Debug|x86
		{7FBEE6E6-0444-494A-A20B-3AF4A0702A97}.Debug|x86.Build.0 = Debug|x86
		{7FBEE6E6-0444-494A-A20B-3AF4A0702A97}.Debug|x86.Deploy.0 = Debug|x86
		{7FBEE6E6-0444-494A-A20B-3AF4A0702A97}.Release|Any CPU.ActiveCfg = Release|x86
		{7FBEE6E6-0444-494A-A20B-3AF4A0702A97}.Release|ARM.ActiveCfg = Release|ARM
		{7FBEE6E6-0444-494A-A20B-3AF4A0702A97}.Release|ARM.Build.0 = Release|ARM
		{7FBEE6E6-0444-494A-A20B-3AF4A0702A97}.Release|ARM.Deploy.0 = Release|ARM
		{7FBEE6E6-0444-494A-A20B-3AF4A0702A97}.Release|x64.ActiveCfg = Release|x64
		{7FBEE6E6-0444-494A-A20B-3AF4A0702A97}.Release|x64.Build.0 = Release|x64
		{7FBEE6E6-0444-494A-A20B-3AF4A0702A97}.Release|x64.Deploy.0 = Release|x64
		{7FBEE6E6-0444-494A-A20B-3AF4A0702A97}.Release|x86.ActiveCfg = Release|x86
		{7FBEE6E6-0444-494A-A20B-3AF4A0702A97}.Release|x86.Build.0 = Release|x86
		{7FBEE6E6-0444-494A-A20B-3AF4A0702A97}.Release|x86.Deploy.0 = Release|x86
		{6A98DF29-D85E-4FB5-8583-9E05FDFB051F}.Debug|Any CPU.ActiveCfg = Debug|Any CPU
		{6A98DF29-D85E-4FB5-8583-9E05FDFB051F}.Debug|Any CPU.Build.0 = Debug|Any CPU
		{6A98DF29-D85E-4FB5-8583-9E05FDFB051F}.Debug|ARM.ActiveCfg = Debug|ARM
		{6A98DF29-D85E-4FB5-8583-9E05FDFB051F}.Debug|ARM.Build.0 = Debug|ARM
		{6A98DF29-D85E-4FB5-8583-9E05FDFB051F}.Debug|x64.ActiveCfg = Debug|x64
		{6A98DF29-D85E-4FB5-8583-9E05FDFB051F}.Debug|x64.Build.0 = Debug|x64
		{6A98DF29-D85E-4FB5-8583-9E05FDFB051F}.Debug|x86.ActiveCfg = Debug|x86
		{6A98DF29-D85E-4FB5-8583-9E05FDFB051F}.Debug|x86.Build.0 = Debug|x86
		{6A98DF29-D85E-4FB5-8583-9E05FDFB051F}.Release|Any CPU.ActiveCfg = Release|Any CPU
		{6A98DF29-D85E-4FB5-8583-9E05FDFB051F}.Release|Any CPU.Build.0 = Release|Any CPU
		{6A98DF29-D85E-4FB5-8583-9E05FDFB051F}.Release|ARM.ActiveCfg = Release|ARM
		{6A98DF29-D85E-4FB5-8583-9E05FDFB051F}.Release|ARM.Build.0 = Release|ARM
		{6A98DF29-D85E-4FB5-8583-9E05FDFB051F}.Release|x64.ActiveCfg = Release|x64
		{6A98DF29-D85E-4FB5-8583-9E05FDFB051F}.Release|x64.Build.0 = Release|x64
		{6A98DF29-D85E-4FB5-8583-9E05FDFB051F}.Release|x86.ActiveCfg = Release|x86
		{6A98DF29-D85E-4FB5-8583-9E05FDFB051F}.Release|x86.Build.0 = Release|x86
		{526F2DF5-CBD7-4833-9758-F4AD6AF849B9}.Debug|Any CPU.ActiveCfg = Debug|Any CPU
		{526F2DF5-CBD7-4833-9758-F4AD6AF849B9}.Debug|Any CPU.Build.0 = Debug|Any CPU
		{526F2DF5-CBD7-4833-9758-F4AD6AF849B9}.Debug|ARM.ActiveCfg = Debug|ARM
		{526F2DF5-CBD7-4833-9758-F4AD6AF849B9}.Debug|ARM.Build.0 = Debug|ARM
		{526F2DF5-CBD7-4833-9758-F4AD6AF849B9}.Debug|x64.ActiveCfg = Debug|x64
		{526F2DF5-CBD7-4833-9758-F4AD6AF849B9}.Debug|x64.Build.0 = Debug|x64
		{526F2DF5-CBD7-4833-9758-F4AD6AF849B9}.Debug|x86.ActiveCfg = Debug|x86
		{526F2DF5-CBD7-4833-9758-F4AD6AF849B9}.Debug|x86.Build.0 = Debug|x86
		{526F2DF5-CBD7-4833-9758-F4AD6AF849B9}.Release|Any CPU.ActiveCfg = Release|Any CPU
		{526F2DF5-CBD7-4833-9758-F4AD6AF849B9}.Release|Any CPU.Build.0 = Release|Any CPU
		{526F2DF5-CBD7-4833-9758-F4AD6AF849B9}.Release|ARM.ActiveCfg = Release|ARM
		{526F2DF5-CBD7-4833-9758-F4AD6AF849B9}.Release|ARM.Build.0 = Release|ARM
		{526F2DF5-CBD7-4833-9758-F4AD6AF849B9}.Release|x64.ActiveCfg = Release|x64
		{526F2DF5-CBD7-4833-9758-F4AD6AF849B9}.Release|x64.Build.0 = Release|x64
		{526F2DF5-CBD7-4833-9758-F4AD6AF849B9}.Release|x86.ActiveCfg = Release|x86
		{526F2DF5-CBD7-4833-9758-F4AD6AF849B9}.Release|x86.Build.0 = Release|x86
		{3291CFA4-A8D0-4276-90F6-1E59407F60FB}.Debug|Any CPU.ActiveCfg = Debug|Any CPU
		{3291CFA4-A8D0-4276-90F6-1E59407F60FB}.Debug|Any CPU.Build.0 = Debug|Any CPU
		{3291CFA4-A8D0-4276-90F6-1E59407F60FB}.Debug|ARM.ActiveCfg = Debug|ARM
		{3291CFA4-A8D0-4276-90F6-1E59407F60FB}.Debug|ARM.Build.0 = Debug|ARM
		{3291CFA4-A8D0-4276-90F6-1E59407F60FB}.Debug|x64.ActiveCfg = Debug|x64
		{3291CFA4-A8D0-4276-90F6-1E59407F60FB}.Debug|x64.Build.0 = Debug|x64
		{3291CFA4-A8D0-4276-90F6-1E59407F60FB}.Debug|x86.ActiveCfg = Debug|x86
		{3291CFA4-A8D0-4276-90F6-1E59407F60FB}.Debug|x86.Build.0 = Debug|x86
		{3291CFA4-A8D0-4276-90F6-1E59407F60FB}.Release|Any CPU.ActiveCfg = Release|Any CPU
		{3291CFA4-A8D0-4276-90F6-1E59407F60FB}.Release|Any CPU.Build.0 = Release|Any CPU
		{3291CFA4-A8D0-4276-90F6-1E59407F60FB}.Release|ARM.ActiveCfg = Release|ARM
		{3291CFA4-A8D0-4276-90F6-1E59407F60FB}.Release|ARM.Build.0 = Release|ARM
		{3291CFA4-A8D0-4276-90F6-1E59407F60FB}.Release|x64.ActiveCfg = Release|x64
		{3291CFA4-A8D0-4276-90F6-1E59407F60FB}.Release|x64.Build.0 = Release|x64
		{3291CFA4-A8D0-4276-90F6-1E59407F60FB}.Release|x86.ActiveCfg = Release|x86
		{3291CFA4-A8D0-4276-90F6-1E59407F60FB}.Release|x86.Build.0 = Release|x86
		{0B827545-9E0F-4D79-92A8-95F95A76238B}.Debug|Any CPU.ActiveCfg = Debug|Any CPU
		{0B827545-9E0F-4D79-92A8-95F95A76238B}.Debug|Any CPU.Build.0 = Debug|Any CPU
		{0B827545-9E0F-4D79-92A8-95F95A76238B}.Debug|ARM.ActiveCfg = Debug|ARM
		{0B827545-9E0F-4D79-92A8-95F95A76238B}.Debug|ARM.Build.0 = Debug|ARM
		{0B827545-9E0F-4D79-92A8-95F95A76238B}.Debug|x64.ActiveCfg = Debug|x64
		{0B827545-9E0F-4D79-92A8-95F95A76238B}.Debug|x64.Build.0 = Debug|x64
		{0B827545-9E0F-4D79-92A8-95F95A76238B}.Debug|x86.ActiveCfg = Debug|x86
		{0B827545-9E0F-4D79-92A8-95F95A76238B}.Debug|x86.Build.0 = Debug|x86
		{0B827545-9E0F-4D79-92A8-95F95A76238B}.Release|Any CPU.ActiveCfg = Release|Any CPU
		{0B827545-9E0F-4D79-92A8-95F95A76238B}.Release|Any CPU.Build.0 = Release|Any CPU
		{0B827545-9E0F-4D79-92A8-95F95A76238B}.Release|ARM.ActiveCfg = Release|ARM
		{0B827545-9E0F-4D79-92A8-95F95A76238B}.Release|ARM.Build.0 = Release|ARM
		{0B827545-9E0F-4D79-92A8-95F95A76238B}.Release|x64.ActiveCfg = Release|x64
		{0B827545-9E0F-4D79-92A8-95F95A76238B}.Release|x64.Build.0 = Release|x64
		{0B827545-9E0F-4D79-92A8-95F95A76238B}.Release|x86.ActiveCfg = Release|x86
		{0B827545-9E0F-4D79-92A8-95F95A76238B}.Release|x86.Build.0 = Release|x86
	EndGlobalSection
	GlobalSection(SolutionProperties) = preSolution
		HideSolutionNode = FALSE
	EndGlobalSection
EndGlobal
